
Microsoft Visual Studio Solution File, Format Version 12.00
# Visual Studio Version 16
VisualStudioVersion = 16.0.32901.82
MinimumVisualStudioVersion = 10.0.40219.1
Project("{FAE04EC0-301F-11D3-BF4B-00C04F79EFBC}") = "ABStudio", "ABStudio\ABStudio.csproj", "{30ADF767-664C-47C5-89C6-60CDC84051B9}"
EndProject
Global
	GlobalSection(SolutionConfigurationPlatforms) = preSolution
		Debug|Any CPU = Debug|Any CPU
		Release|Any CPU = Release|Any CPU
	EndGlobalSection
	GlobalSection(ProjectConfigurationPlatforms) = postSolution
		{30ADF767-664C-47C5-89C6-60CDC84051B9}.Debug|Any CPU.ActiveCfg = Debug|Any CPU
		{30ADF767-664C-47C5-89C6-60CDC84051B9}.Debug|Any CPU.Build.0 = Debug|Any CPU
		{30ADF767-664C-47C5-89C6-60CDC84051B9}.Release|Any CPU.ActiveCfg = Release|Any CPU
		{30ADF767-664C-47C5-89C6-60CDC84051B9}.Release|Any CPU.Build.0 = Release|Any CPU
	EndGlobalSection
	GlobalSection(SolutionProperties) = preSolution
		HideSolutionNode = FALSE
	EndGlobalSection
	GlobalSection(ExtensibilityGlobals) = postSolution
		SolutionGuid = {EEFF4524-997D-4861-96A6-75253F9EE431}
	EndGlobalSection
EndGlobal
